
Microsoft Visual Studio Solution File, Format Version 12.00
# Visual Studio 14
VisualStudioVersion = 14.0.25420.1
MinimumVisualStudioVersion = 10.0.40219.1
Project("{FAE04EC0-301F-11D3-BF4B-00C04F79EFBC}") = "TestPro", "TestPro\TestPro.csproj", "{0F2053F5-4A0C-42C7-B930-A6B9E1B5A67C}"
EndProject
Project("{FAE04EC0-301F-11D3-BF4B-00C04F79EFBC}") = "WaveControl", "WaveControl\WaveControl.csproj", "{06AAD2B8-6D71-4737-90BD-DB116E28EA32}"
EndProject
Global
	GlobalSection(SolutionConfigurationPlatforms) = preSolution
		Debug|Any CPU = Debug|Any CPU
		Release|Any CPU = Release|Any CPU
	EndGlobalSection
	GlobalSection(ProjectConfigurationPlatforms) = postSolution
		{0F2053F5-4A0C-42C7-B930-A6B9E1B5A67C}.Debug|Any CPU.ActiveCfg = Debug|Any CPU
		{0F2053F5-4A0C-42C7-B930-A6B9E1B5A67C}.Debug|Any CPU.Build.0 = Debug|Any CPU
		{0F2053F5-4A0C-42C7-B930-A6B9E1B5A67C}.Release|Any CPU.ActiveCfg = Release|Any CPU
		{0F2053F5-4A0C-42C7-B930-A6B9E1B5A67C}.Release|Any CPU.Build.0 = Release|Any CPU
		{06AAD2B8-6D71-4737-90BD-DB116E28EA32}.Debug|Any CPU.ActiveCfg = Debug|Any CPU
		{06AAD2B8-6D71-4737-90BD-DB116E28EA32}.Debug|Any CPU.Build.0 = Debug|Any CPU
		{06AAD2B8-6D71-4737-90BD-DB116E28EA32}.Release|Any CPU.ActiveCfg = Release|Any CPU
		{06AAD2B8-6D71-4737-90BD-DB116E28EA32}.Release|Any CPU.Build.0 = Release|Any CPU
	EndGlobalSection
	GlobalSection(SolutionProperties) = preSolution
		HideSolutionNode = FALSE
	EndGlobalSection
EndGlobal
